# This file was autogenerated by Stack.
# You should not edit this file by hand.
# For more information, please see the documentation at:
#   https://docs.haskellstack.org/en/stable/lock_files

packages:
- completed:
    hackage: mason-0.2.6@sha256:87e6233cf21222c2bb3392e453ad9ee4257a850c75bfb2537461f60574ce87e9,1274
    pantry-tree:
      sha256: 1aa88dd022085f58cb5f5f32ea0f576522e507d3a5dbe962316b8a01487e88b2
      size: 575
  original:
    hackage: mason-0.2.6
snapshots:
- completed:
    sha256: 08bd13ce621b41a8f5e51456b38d5b46d7783ce114a50ab604d6bbab0d002146
    size: 720271
    url: https://raw.githubusercontent.com/commercialhaskell/stackage-snapshots/master/lts/22/43.yaml
  original: lts-22.43
